
Microsoft Visual Studio Solution File, Format Version 12.00
# Visual Studio Version 16
VisualStudioVersion = 16.0.31105.61
MinimumVisualStudioVersion = 10.0.40219.1
Project("{FAE04EC0-301F-11D3-BF4B-00C04F79EFBC}") = "FilmAppApi", "FilmAppApi.csproj", "{4F2516BD-D1C5-4251-A38F-D94A51304F00}"
EndProject
Project("{00D1A9C2-B5F0-4AF3-8072-F6C62B433612}") = "FilmApp.DataBase", "..\FilmApp.DataBase\FilmApp.DataBase.sqlproj", "{2B10D914-B030-4C86-A971-82EA880B26E8}"
EndProject
Global
	GlobalSection(SolutionConfigurationPlatforms) = preSolution
		Debug|Any CPU = Debug|Any CPU
		Release|Any CPU = Release|Any CPU
	EndGlobalSection
	GlobalSection(ProjectConfigurationPlatforms) = postSolution
		{4F2516BD-D1C5-4251-A38F-D94A51304F00}.Debug|Any CPU.ActiveCfg = Debug|Any CPU
		{4F2516BD-D1C5-4251-A38F-D94A51304F00}.Debug|Any CPU.Build.0 = Debug|Any CPU
		{4F2516BD-D1C5-4251-A38F-D94A51304F00}.Release|Any CPU.ActiveCfg = Release|Any CPU
		{4F2516BD-D1C5-4251-A38F-D94A51304F00}.Release|Any CPU.Build.0 = Release|Any CPU
		{2B10D914-B030-4C86-A971-82EA880B26E8}.Debug|Any CPU.ActiveCfg = Debug|Any CPU
		{2B10D914-B030-4C86-A971-82EA880B26E8}.Debug|Any CPU.Build.0 = Debug|Any CPU
		{2B10D914-B030-4C86-A971-82EA880B26E8}.Debug|Any CPU.Deploy.0 = Debug|Any CPU
		{2B10D914-B030-4C86-A971-82EA880B26E8}.Release|Any CPU.ActiveCfg = Release|Any CPU
		{2B10D914-B030-4C86-A971-82EA880B26E8}.Release|Any CPU.Build.0 = Release|Any CPU
		{2B10D914-B030-4C86-A971-82EA880B26E8}.Release|Any CPU.Deploy.0 = Release|Any CPU
	EndGlobalSection
	GlobalSection(SolutionProperties) = preSolution
		HideSolutionNode = FALSE
	EndGlobalSection
	GlobalSection(ExtensibilityGlobals) = postSolution
		SolutionGuid = {076C00A7-80A6-429B-9652-A10FA7439C4F}
	EndGlobalSection
EndGlobal
